{
  "name": "@ohkit/tree-helper",
  "version": "0.0.1-beta.0",
  "lockfileVersion": 3,
  "requires": true,
  "packages": {
    "": {
      "name": "@ohkit/tree-helper",
      "version": "0.0.1-beta.0",
      "license": "ISC",
      "devDependencies": {
        "@moyuyc/visit-tree": "4.0.3"
      }
    },
    "node_modules/@moyuyc/visit-tree": {
      "version": "4.0.3",
      "resolved": "https://registry.npmmirror.com/@moyuyc/visit-tree/-/visit-tree-4.0.3.tgz",
      "integrity": "sha512-IjO85avZrEwU5DqIFXFJ/LypRXePBi0LXd848Zb+cKiglqewlSPxbBUBnts062GgsBQ/GQ+pit9SPxL3eHowaQ==",
      "dev": true,
      "dependencies": {
        "is-iterable": "^1.1.1"
      },
      "engines": {
        "node": ">=8"
      }
    },
    "node_modules/is-iterable": {
      "version": "1.1.1",
      "resolved": "https://registry.npmmirror.com/is-iterable/-/is-iterable-1.1.1.tgz",
      "integrity": "sha512-EdOZCr0NsGE00Pot+x1ZFx9MJK3C6wy91geZpXwvwexDLJvA4nzYyZf7r+EIwSeVsOLDdBz7ATg9NqKTzuNYuQ==",
      "dev": true,
      "engines": {
        "node": ">= 4"
      }
    }
  }
}
