{
  "name": "@ohkit/utils",
  "version": "0.1.2",
  "lockfileVersion": 3,
  "requires": true,
  "packages": {
    "": {
      "name": "@ohkit/utils",
      "version": "0.1.2",
      "license": "ISC",
      "dependencies": {
        "@ohkit/async": "0.0.5"
      }
    },
    "node_modules/@ohkit/async": {
      "version": "0.0.3",
      "resolved": "https://registry.npmjs.org/@ohkit/async/-/async-0.0.3.tgz",
      "integrity": "sha512-stNRwxKKRIlHIeRnWxCH5toTG4gfwJcXflIWkg9g4piYu0huiqEZDA7cw9lkA8SOUFYIOjX8p2ViinWaSwsF3w=="
    }
  }
}
