{
  "name": "@ohkit/sse",
  "version": "0.0.1-beta.0",
  "lockfileVersion": 3,
  "requires": true,
  "packages": {
    "": {
      "name": "@ohkit/sse",
      "version": "0.0.1-beta.0",
      "license": "ISC",
      "dependencies": {
        "@ohkit/json-helper": "^0.0.1-beta.0"
      }
    },
    "node_modules/@ohkit/debug": {
      "version": "0.0.1",
      "resolved": "https://registry.npmjs.org/@ohkit/debug/-/debug-0.0.1.tgz",
      "integrity": "sha512-OGsDgNENQ6vPPcXbSMokqQ3yoiyloB3X5G6TjctjBehoDYPSZ5Kyk3yeE/s7QHuKlG5pyPwLiKjgQTSbfpyzyw=="
    },
    "node_modules/@ohkit/json-helper": {
      "version": "0.0.1",
      "resolved": "https://registry.npmjs.org/@ohkit/json-helper/-/json-helper-0.0.1.tgz",
      "integrity": "sha512-MM+q4YleQimmNAILmDfBpBNjsa/Q6JGFA/19apUENhNqaIPPAdD5UT7i0Xs5Hd3dmFm9TRyNt3FrwItctx0zzg==",
      "dependencies": {
        "@ohkit/debug": "0.0.1"
      }
    }
  }
}
